
Microsoft Visual Studio Solution File, Format Version 12.00
# Visual Studio 14
VisualStudioVersion = 14.0.25123.0
MinimumVisualStudioVersion = 10.0.40219.1
Project("{FAE04EC0-301F-11D3-BF4B-00C04F79EFBC}") = "aurm.core", "aurm.core\aurm.core.csproj", "{EA7337AF-0FE9-4B7B-93ED-F2A8AE740D4E}"
EndProject
Project("{FAE04EC0-301F-11D3-BF4B-00C04F79EFBC}") = "aurm.tasker", "aurm.tasker\aurm.tasker.csproj", "{47F172BE-E112-4A02-8BCA-EC15DA92D4CA}"
EndProject
Project("{FAE04EC0-301F-11D3-BF4B-00C04F79EFBC}") = "aurm.notifier", "aurm.notifier\aurm.notifier.csproj", "{52F04A61-1161-45E0-B973-6094FDDEA8F0}"
EndProject
Global
	GlobalSection(SolutionConfigurationPlatforms) = preSolution
		Debug|Any CPU = Debug|Any CPU
		Release|Any CPU = Release|Any CPU
	EndGlobalSection
	GlobalSection(ProjectConfigurationPlatforms) = postSolution
		{EA7337AF-0FE9-4B7B-93ED-F2A8AE740D4E}.Debug|Any CPU.ActiveCfg = Debug|Any CPU
		{EA7337AF-0FE9-4B7B-93ED-F2A8AE740D4E}.Debug|Any CPU.Build.0 = Debug|Any CPU
		{EA7337AF-0FE9-4B7B-93ED-F2A8AE740D4E}.Release|Any CPU.ActiveCfg = Release|Any CPU
		{EA7337AF-0FE9-4B7B-93ED-F2A8AE740D4E}.Release|Any CPU.Build.0 = Release|Any CPU
		{47F172BE-E112-4A02-8BCA-EC15DA92D4CA}.Debug|Any CPU.ActiveCfg = Debug|Any CPU
		{47F172BE-E112-4A02-8BCA-EC15DA92D4CA}.Debug|Any CPU.Build.0 = Debug|Any CPU
		{47F172BE-E112-4A02-8BCA-EC15DA92D4CA}.Release|Any CPU.ActiveCfg = Release|Any CPU
		{47F172BE-E112-4A02-8BCA-EC15DA92D4CA}.Release|Any CPU.Build.0 = Release|Any CPU
		{52F04A61-1161-45E0-B973-6094FDDEA8F0}.Debug|Any CPU.ActiveCfg = Debug|Any CPU
		{52F04A61-1161-45E0-B973-6094FDDEA8F0}.Debug|Any CPU.Build.0 = Debug|Any CPU
		{52F04A61-1161-45E0-B973-6094FDDEA8F0}.Release|Any CPU.ActiveCfg = Release|Any CPU
		{52F04A61-1161-45E0-B973-6094FDDEA8F0}.Release|Any CPU.Build.0 = Release|Any CPU
	EndGlobalSection
	GlobalSection(SolutionProperties) = preSolution
		HideSolutionNode = FALSE
	EndGlobalSection
EndGlobal
